
Microsoft Visual Studio Solution File, Format Version 12.00
# Visual Studio Version 16
VisualStudioVersion = 16.0.29613.14
MinimumVisualStudioVersion = 10.0.40219.1
Project("{FAE04EC0-301F-11D3-BF4B-00C04F79EFBC}") = "Gün saat hesaplama", "Gün saat hesaplama.csproj", "{02F2EEA7-FA3E-4424-B485-82FA34DB5160}"
EndProject
Global
	GlobalSection(SolutionConfigurationPlatforms) = preSolution
		Debug|Any CPU = Debug|Any CPU
		Release|Any CPU = Release|Any CPU
	EndGlobalSection
	GlobalSection(ProjectConfigurationPlatforms) = postSolution
		{02F2EEA7-FA3E-4424-B485-82FA34DB5160}.Debug|Any CPU.ActiveCfg = Debug|Any CPU
		{02F2EEA7-FA3E-4424-B485-82FA34DB5160}.Debug|Any CPU.Build.0 = Debug|Any CPU
		{02F2EEA7-FA3E-4424-B485-82FA34DB5160}.Release|Any CPU.ActiveCfg = Release|Any CPU
		{02F2EEA7-FA3E-4424-B485-82FA34DB5160}.Release|Any CPU.Build.0 = Release|Any CPU
	EndGlobalSection
	GlobalSection(SolutionProperties) = preSolution
		HideSolutionNode = FALSE
	EndGlobalSection
	GlobalSection(ExtensibilityGlobals) = postSolution
		SolutionGuid = {8F9A7775-05D6-4211-82F9-30E0D6DF5752}
	EndGlobalSection
EndGlobal
